
Microsoft Visual Studio Solution File, Format Version 12.00
# Visual Studio Version 16
VisualStudioVersion = 16.0.31515.178
MinimumVisualStudioVersion = 10.0.40219.1
Project("{FAE04EC0-301F-11D3-BF4B-00C04F79EFBC}") = "Project ProductMaster", "Project ProductMaster\Project ProductMaster.csproj", "{0CC34646-680F-4849-BAD9-28261C84688A}"
EndProject
Global
	GlobalSection(SolutionConfigurationPlatforms) = preSolution
		Debug|Any CPU = Debug|Any CPU
		Release|Any CPU = Release|Any CPU
	EndGlobalSection
	GlobalSection(ProjectConfigurationPlatforms) = postSolution
		{0CC34646-680F-4849-BAD9-28261C84688A}.Debug|Any CPU.ActiveCfg = Debug|Any CPU
		{0CC34646-680F-4849-BAD9-28261C84688A}.Debug|Any CPU.Build.0 = Debug|Any CPU
		{0CC34646-680F-4849-BAD9-28261C84688A}.Release|Any CPU.ActiveCfg = Release|Any CPU
		{0CC34646-680F-4849-BAD9-28261C84688A}.Release|Any CPU.Build.0 = Release|Any CPU
	EndGlobalSection
	GlobalSection(SolutionProperties) = preSolution
		HideSolutionNode = FALSE
	EndGlobalSection
	GlobalSection(ExtensibilityGlobals) = postSolution
		SolutionGuid = {2F6365C1-7679-4873-84F7-28D54D465643}
	EndGlobalSection
EndGlobal
